
Microsoft Visual Studio Solution File, Format Version 12.00
# Visual Studio Version 17
VisualStudioVersion = 17.4.33213.308
MinimumVisualStudioVersion = 10.0.40219.1
Project("{9A19103F-16F7-4668-BE54-9A1E7A4F7556}") = "programming010.oop", "programming010.oop\programming010.oop.csproj", "{2BC19905-4BEA-4926-86F9-25FEE731E64E}"
EndProject
Project("{FAE04EC0-301F-11D3-BF4B-00C04F79EFBC}") = "programming010.solid", "programming010.solid\programming010.solid.csproj", "{DDA3F285-A2C7-4118-B698-ECF071244349}"
EndProject
Project("{FAE04EC0-301F-11D3-BF4B-00C04F79EFBC}") = "programming010.forms", "programming010.forms\programming010.forms.csproj", "{6B09EB20-F3F6-49CB-80E3-B8998CDB8230}"
EndProject
Project("{FAE04EC0-301F-11D3-BF4B-00C04F79EFBC}") = "programming011.formsui2", "programming011.formsui2\programming011.formsui2.csproj", "{3CF7EB1A-29E9-48E3-8C61-2AB26129CB9C}"
EndProject
Project("{FAE04EC0-301F-11D3-BF4B-00C04F79EFBC}") = "programming011.snake", "programming011.snake\programming011.snake.csproj", "{54162690-CB25-4323-A4E4-91401BAECB0D}"
EndProject
Global
	GlobalSection(SolutionConfigurationPlatforms) = preSolution
		Debug|Any CPU = Debug|Any CPU
		Release|Any CPU = Release|Any CPU
	EndGlobalSection
	GlobalSection(ProjectConfigurationPlatforms) = postSolution
		{2BC19905-4BEA-4926-86F9-25FEE731E64E}.Debug|Any CPU.ActiveCfg = Debug|Any CPU
		{2BC19905-4BEA-4926-86F9-25FEE731E64E}.Debug|Any CPU.Build.0 = Debug|Any CPU
		{2BC19905-4BEA-4926-86F9-25FEE731E64E}.Release|Any CPU.ActiveCfg = Release|Any CPU
		{2BC19905-4BEA-4926-86F9-25FEE731E64E}.Release|Any CPU.Build.0 = Release|Any CPU
		{DDA3F285-A2C7-4118-B698-ECF071244349}.Debug|Any CPU.ActiveCfg = Debug|Any CPU
		{DDA3F285-A2C7-4118-B698-ECF071244349}.Debug|Any CPU.Build.0 = Debug|Any CPU
		{DDA3F285-A2C7-4118-B698-ECF071244349}.Release|Any CPU.ActiveCfg = Release|Any CPU
		{DDA3F285-A2C7-4118-B698-ECF071244349}.Release|Any CPU.Build.0 = Release|Any CPU
		{6B09EB20-F3F6-49CB-80E3-B8998CDB8230}.Debug|Any CPU.ActiveCfg = Debug|Any CPU
		{6B09EB20-F3F6-49CB-80E3-B8998CDB8230}.Debug|Any CPU.Build.0 = Debug|Any CPU
		{6B09EB20-F3F6-49CB-80E3-B8998CDB8230}.Release|Any CPU.ActiveCfg = Release|Any CPU
		{6B09EB20-F3F6-49CB-80E3-B8998CDB8230}.Release|Any CPU.Build.0 = Release|Any CPU
		{3CF7EB1A-29E9-48E3-8C61-2AB26129CB9C}.Debug|Any CPU.ActiveCfg = Debug|Any CPU
		{3CF7EB1A-29E9-48E3-8C61-2AB26129CB9C}.Debug|Any CPU.Build.0 = Debug|Any CPU
		{3CF7EB1A-29E9-48E3-8C61-2AB26129CB9C}.Release|Any CPU.ActiveCfg = Release|Any CPU
		{3CF7EB1A-29E9-48E3-8C61-2AB26129CB9C}.Release|Any CPU.Build.0 = Release|Any CPU
		{54162690-CB25-4323-A4E4-91401BAECB0D}.Debug|Any CPU.ActiveCfg = Debug|Any CPU
		{54162690-CB25-4323-A4E4-91401BAECB0D}.Debug|Any CPU.Build.0 = Debug|Any CPU
		{54162690-CB25-4323-A4E4-91401BAECB0D}.Release|Any CPU.ActiveCfg = Release|Any CPU
		{54162690-CB25-4323-A4E4-91401BAECB0D}.Release|Any CPU.Build.0 = Release|Any CPU
	EndGlobalSection
	GlobalSection(SolutionProperties) = preSolution
		HideSolutionNode = FALSE
	EndGlobalSection
	GlobalSection(ExtensibilityGlobals) = postSolution
		SolutionGuid = {EDA75D7F-99E2-4890-88D3-F660E420FB85}
	EndGlobalSection
EndGlobal
